
Microsoft Visual Studio Solution File, Format Version 12.00
# Visual Studio Version 17
VisualStudioVersion = 17.8.34322.80
MinimumVisualStudioVersion = 10.0.40219.1
Project("{9A19103F-16F7-4668-BE54-9A1E7A4F7556}") = "SingleResponsibilityPrinciple", "SingleResponsibilityPrinciple\SingleResponsibilityPrinciple.csproj", "{2DD57DF4-0723-44E7-BAC9-B29CE9C6FC39}"
EndProject
Project("{9A19103F-16F7-4668-BE54-9A1E7A4F7556}") = "OpenClosedPrinciple", "OpenClosedPrinciple\OpenClosedPrinciple.csproj", "{B30BE456-E004-4686-BA4B-1E8B50A50319}"
EndProject
Project("{9A19103F-16F7-4668-BE54-9A1E7A4F7556}") = "LiskovSubstitutionPrinciple", "LiskovSubstitutionPrinciple\LiskovSubstitutionPrinciple.csproj", "{DAF58D67-1A5E-4565-8F4A-8698FA100C98}"
EndProject
Project("{FAE04EC0-301F-11D3-BF4B-00C04F79EFBC}") = "InterfaceSegregationPrinciple", "InterfaceSegregationPrinciple\InterfaceSegregationPrinciple.csproj", "{B42D5BDD-E2DC-4CE8-BE69-44DDA086863C}"
EndProject
Project("{FAE04EC0-301F-11D3-BF4B-00C04F79EFBC}") = "DependencyInversionPrinciple", "DependencyInversionPrinciple\DependencyInversionPrinciple.csproj", "{CF15C65C-8783-41E6-A123-36DA4A44715E}"
EndProject
Global
	GlobalSection(SolutionConfigurationPlatforms) = preSolution
		Debug|Any CPU = Debug|Any CPU
		Release|Any CPU = Release|Any CPU
	EndGlobalSection
	GlobalSection(ProjectConfigurationPlatforms) = postSolution
		{2DD57DF4-0723-44E7-BAC9-B29CE9C6FC39}.Debug|Any CPU.ActiveCfg = Debug|Any CPU
		{2DD57DF4-0723-44E7-BAC9-B29CE9C6FC39}.Debug|Any CPU.Build.0 = Debug|Any CPU
		{2DD57DF4-0723-44E7-BAC9-B29CE9C6FC39}.Release|Any CPU.ActiveCfg = Release|Any CPU
		{2DD57DF4-0723-44E7-BAC9-B29CE9C6FC39}.Release|Any CPU.Build.0 = Release|Any CPU
		{B30BE456-E004-4686-BA4B-1E8B50A50319}.Debug|Any CPU.ActiveCfg = Debug|Any CPU
		{B30BE456-E004-4686-BA4B-1E8B50A50319}.Debug|Any CPU.Build.0 = Debug|Any CPU
		{B30BE456-E004-4686-BA4B-1E8B50A50319}.Release|Any CPU.ActiveCfg = Release|Any CPU
		{B30BE456-E004-4686-BA4B-1E8B50A50319}.Release|Any CPU.Build.0 = Release|Any CPU
		{DAF58D67-1A5E-4565-8F4A-8698FA100C98}.Debug|Any CPU.ActiveCfg = Debug|Any CPU
		{DAF58D67-1A5E-4565-8F4A-8698FA100C98}.Debug|Any CPU.Build.0 = Debug|Any CPU
		{DAF58D67-1A5E-4565-8F4A-8698FA100C98}.Release|Any CPU.ActiveCfg = Release|Any CPU
		{DAF58D67-1A5E-4565-8F4A-8698FA100C98}.Release|Any CPU.Build.0 = Release|Any CPU
		{B42D5BDD-E2DC-4CE8-BE69-44DDA086863C}.Debug|Any CPU.ActiveCfg = Debug|Any CPU
		{B42D5BDD-E2DC-4CE8-BE69-44DDA086863C}.Debug|Any CPU.Build.0 = Debug|Any CPU
		{B42D5BDD-E2DC-4CE8-BE69-44DDA086863C}.Release|Any CPU.ActiveCfg = Release|Any CPU
		{B42D5BDD-E2DC-4CE8-BE69-44DDA086863C}.Release|Any CPU.Build.0 = Release|Any CPU
		{CF15C65C-8783-41E6-A123-36DA4A44715E}.Debug|Any CPU.ActiveCfg = Debug|Any CPU
		{CF15C65C-8783-41E6-A123-36DA4A44715E}.Debug|Any CPU.Build.0 = Debug|Any CPU
		{CF15C65C-8783-41E6-A123-36DA4A44715E}.Release|Any CPU.ActiveCfg = Release|Any CPU
		{CF15C65C-8783-41E6-A123-36DA4A44715E}.Release|Any CPU.Build.0 = Release|Any CPU
	EndGlobalSection
	GlobalSection(SolutionProperties) = preSolution
		HideSolutionNode = FALSE
	EndGlobalSection
	GlobalSection(ExtensibilityGlobals) = postSolution
		SolutionGuid = {D48356B3-616E-48D0-A399-C9EC603F306A}
	EndGlobalSection
EndGlobal
